{
  "name": "ai-wizard-pro",
  "version": "1.0.0",
  "lockfileVersion": 3,
  "requires": true,
  "packages": {
    "": {
      "name": "ai-wizard-pro",
      "version": "1.0.0",
      "license": "ISC",
      "dependencies": {
        "@google/generative-ai": "^0.15.0",
        "@prisma/client": "^5.17.0",
        "@vercel/analytics": "^1.3.1",
        "@vercel/speed-insights": "^1.0.12",
        "clsx": "^2.1.1",
        "framer-motion": "^11.3.8",
        "lucide-react": "^0.414.0",
        "next": "14.2.5",
        "react": "^18.3.1",
        "react-dom": "^18.3.1",
        "tailwind-merge": "^2.4.0"
      },
      "devDependencies": {
        "@tailwindcss/postcss": "^4.0.0-alpha.13",
        "@types/node": "^20.14.10",
        "@types/react": "^18.3.3",
        "@types/react-dom": "^18.3.0",
        "autoprefixer": "^10.4.19",
        "eslint": "^8",
        "eslint-config-next": "14.2.5",
        "postcss": "^8.4.39",
        "prisma": "^5.17.0",
        "tailwindcss": "^3.4.4",
        "typescript": "^5.5.3"
      }
    },
    "node_modules/@babel/runtime": {
      "version": "7.24.8",
      "resolved": "https://registry.npmjs.org/@babel/runtime/-/runtime-7.24.8.tgz",
      "integrity": "sha512-s2M52jTJsxarThL84F35nN2uVnJQXop7byUUG9Qd49tY2XoJzup+zaQn2mP43hYj49/dmmDMG9yidrD5r8mPkQ==",
      "dependencies": {
        "regenerator-runtime": "^0.14.0"
      },
      "engines": {
        "node": ">=6.9.0"
      }
    },
    "node_modules/@google/generative-ai": {
      "version": "0.15.0",
      "resolved": "https://registry.npmjs.org/@google/generative-ai/-/generative-ai-0.15.0.tgz",
      "integrity": "sha512-P1XgGvV32Lpc9y1S8nN/8sZkY9m7LBrJgqY0B4U0pE337o+lqJk9335yAFqgxqMv4Kj5A68+SGY9o6wSIA==",
      "engines": {
        "node": ">=18.0.0"
      }
    },
    "node_modules/@prisma/client": {
      "version": "5.17.0",
      "resolved": "https://registry.npmjs.org/@prisma/client/-/client-5.17.0.tgz",
      "integrity": "sha512-jD1V3sVzBHvj0JQWple1pEKTd90sbbd95uOxIIH3pQ2OQCXT7z4cLp1314dJ1C2b6uVl6Qf3kMUpYVYHGO2fZA==",
      "hasInstallScript": true,
      "dependencies": {
        "@prisma/engine-core": "5.17.0",
        "@prisma/internals": "5.17.0"
      },
      "engines": {
        "node": ">=16.13"
      },
      "peerDependencies": {
        "prisma": "*"
      },
      "peerDependenciesMeta": {
        "prisma": {
          "optional": true
        }
      }
    },
    "node_modules/@prisma/engine-core": {
      "version": "5.17.0",
      "resolved": "https://registry.npmjs.org/@prisma/engine-core/-/engine-core-5.17.0.tgz",
      "integrity": "sha512-s/aO/0V6u+7naoA8GDU/SfoqKj65d3Y6iL3tXlZ6FpEMVIw83KV3SgQ/NVtXQYnZAx7rP550lVBm+VqjN6CgMA==",
      "dependencies": {
        "@prisma/debug": "5.17.0",
        "@prisma/engines-version": "5.17.0-13.0b7a970f5e1a1b12b591b9d429a393dce6e06001",
        "@prisma/errors": "5.17.0",
        "@prisma/generator-helper": "5.17.0",
        "@prisma/get-platform": "5.17.0"
      },
      "engines": {
        "node": ">=16.13"
      }
    },
    "node_modules/@prisma/engines": {
      "version": "5.17.0",
      "resolved": "https://registry.npmjs.org/@prisma/engines/-/engines-5.17.0.tgz",
      "integrity": "sha512-8M74QyL21LgXmJ45GGIj4D0x3Z/qW0M8e0hS8O0+fAl/T6NBgcbhJjGu3wHqC4B8oDciqCrXzK3v6b0rX/kCMA==",
      "dev": true,
      "hasInstallScript": true,
      "engines": {
        "node": ">=16.13"
      }
    },
    "node_modules/@prisma/engines-version": {
      "version": "5.17.0-13.0b7a970f5e1a1b12b591b9d429a393dce6e06001",
      "resolved": "https://registry.npmjs.org/@prisma/engines-version/-/engines-version-5.17.0-13.0b7a970f5e1a1b12b591b9d429a393dce6e06001.tgz",
      "integrity": "sha512-2c+j0x1Z+oeyu4F4JfsI4F+c7m7yQ0U3iVnweG7XjAaa2+mJKyQ+YjJ5xZf4+t+6X92W5X1T5sE2gD4t95+Juw=="
    },
    "node_modules/@prisma/generator-helper": {
      "version": "5.17.0",
      "resolved": "https://registry.npmjs.org/@prisma/generator-helper/-/generator-helper-5.17.0.tgz",
      "integrity": "sha512-Xk5wMy5s5bX3dE3l4j8Yj8/E/vjKFUh2sFQiG3tVh+hS+8244yKxU+nJnxu5aLp2fVzT6FfO3nC78y7s75L2PQ==",
      "dependencies": {
        "@prisma/debug": "5.17.0",
        "@prisma/internals": "5.17.0"
      },
      "engines": {
        "node": ">=16.13"
      }
    },
    "node_modules/@prisma/get-platform": {
      "version": "5.17.0",
      "resolved": "https://registry.npmjs.org/@prisma/get-platform/-/get-platform-5.17.0.tgz",
      "integrity": "sha512-1AF3hW5fSUK2O4uU23B330Tjoo3Rpyt1pU8b1i/mNHuPfsAYXuQx0u4lQEa8v3t5KMhR1b9aG820wKv8F5p32A==",
      "dependencies": {
        "@prisma/debug": "5.17.0"
      },
      "engines": {
        "node": ">=16.13"
      }
    },
    "node_modules/@tailwindcss/postcss": {
      "version": "4.0.0-alpha.13",
      "resolved": "https://registry.npmjs.org/@tailwindcss/postcss/-/postcss-4.0.0-alpha.13.tgz",
      "integrity": "sha512-1+NAdy48j3y9Uo25D6zL6IpcVq+31k7k2AYbO4ihUv5Wq/0poy0hgU5qf8y5lTqf5vfrhyD45Yd0Yv1rC442Wg==",
      "dev": true,
      "dependencies": {
        "picocolors": "^1.0.1",
        "postcss-selector-parser": "^6.1.0"
      },
      "engines": {
        "node": ">=18.12.0"
      },
      "peerDependencies": {
        "postcss": "^8.4.31"
      }
    },
    "node_modules/@types/node": {
      "version": "20.14.10",
      "resolved": "https://registry.npmjs.org/@types/node/-/node-20.14.10.tgz",
      "integrity": "sha512-MdiXf+nDuMvodoWLCvGdJGO30d4a2a22tm/5oQi8u0ysAjB9/gTxM342h9tFkAbIsIY20vj2sZp2SjO2H2w5lA==",
      "dev": true,
      "dependencies": {
        "undici-types": "~5.26.4"
      }
    },
    "node_modules/@types/prop-types": {
      "version": "15.7.12",
      "resolved": "https://registry.npmjs.org/@types/prop-types/-/prop-types-15.7.12.tgz",
      "integrity": "sha512-5zvhF/S/GvZHJ4/RAQ2lSQI1Tj2eR1eM6Eu8g3OMVw149G3B29hZ5gA4d/E12vP8K5Q22sO9tHwL9tr2bXl4A==",
      "dev": true
    },
    "node_modules/@types/react": {
      "version": "18.3.3",
      "resolved": "https://registry.npmjs.org/@types/react/-/react-18.3.3.tgz",
      "integrity": "sha512-hti/R0pS0q1/c/MM1s1I7i1/mFBG/OsTe1KOKj4gnT+sSO8t3s4DMARW1iV4iGfLGD3w0aY8S2Iu1e0B+1uNEA==",
      "dev": true,
      "dependencies": {
        "@types/prop-types": "*",
        "csstype": "^3.0.2"
      }
    },
    "node_modules/@types/react-dom": {
      "version": "18.3.0",
      "resolved": "https://registry.npmjs.org/@types/react-dom/-/react-dom-18.3.0.tgz",
      "integrity": "sha512-dZpZz1sM9r22c6D6To2pPc32j+QpGU1i57z0J9vS6fA65iLa4aJdI1DazKLIxIsSQ88Yg0OReiK9V8+WEXx3gA==",
      "dev": true,
      "dependencies": {
        "@types/react": "*"
      }
    },
    "node_modules/@vercel/analytics": {
      "version": "1.3.1",
      "resolved": "https://registry.npmjs.org/@vercel/analytics/-/analytics-1.3.1.tgz",
      "integrity": "sha512-sY8Sm6jRz0GAz2/I1baq6iTzVq2s7Tv92sSYyS2D2z4vjTjPvyu3ZDEi42UTZ4nI43zUe3V0Vp3A3+Y2pI2M9Q==",
      "peerDependencies": {
        "next": ">= 12",
        "react": ">= 17"
      },
      "peerDependenciesMeta": {
        "next": {
          "optional": true
        }
      }
    },
    "node_modules/@vercel/speed-insights": {
      "version": "1.0.12",
      "resolved": "https://registry.npmjs.org/@vercel/speed-insights/-/speed-insights-1.0.12.tgz",
      "integrity": "sha512-9e9Q3PAx3MYl60aK3r2ZpC8+hM1eGOaxq2SPIs52+b1YVfSTkYyDtAmdtCj89Z2V3EIp0CHhQ+/rTqHw2/At9Q==",
      "peerDependencies": {
        "next": ">= 12",
        "react": ">= 17"
      },
      "peerDependenciesMeta": {
        "next": {
          "optional": true
        }
      }
    },
    "node_modules/autoprefixer": {
      "version": "10.4.19",
      "resolved": "https://registry.npmjs.org/autoprefixer/-/autoprefixer-10.4.19.tgz",
      "integrity": "sha512-oQ4Y9e6upAhd2zNkD9jP7e0s3rYk23EPsJg4O8f7jIsQ5a8w2dZNLLP8cwkH1Rfs6t2eJ+j2/I0f3e2Hj8lX+A==",
      "dev": true,
      "dependencies": {
        "browserslist": "^4.23.0",
        "caniuse-lite": "^1.0.30001591",
        "postcss-value-parser": "^4.2.0"
      },
      "bin": {
        "autoprefixer": "bin/autoprefixer"
      },
      "engines": {
        "node": "^10 || ^12 || >=14"
      },
      "funding": {
        "type": "opencollective",
        "url": "https://opencollective.com/postcss/"
      },
      "peerDependencies": {
        "postcss": "^8.1.0"
      }
    },
    "node_modules/browserslist": {
      "version": "4.23.2",
      "resolved": "https://registry.npmjs.org/browserslist/-/browserslist-4.23.2.tgz",
      "integrity": "sha512-yufScYr5L52bF/B98/i0n8xHkFk7zPSf16cs2Hk8Ih5n+Z+Vff1w8f7erS4k3zfnz/O1g4s8a1tQdbbQyvACwQ==",
      "dev": true,
      "dependencies": {
        "caniuse-lite": "^1.0.30001591",
        "electron-to-chromium": "^1.4.784",
        "node-releases": "^2.0.14"
      },
      "bin": {
        "browserslist": "cli.js"
      },
      "engines": {
        "node": "^10 || ^12 || >=14"
      },
      "funding": {
        "type": "opencollective",
        "url": "https://opencollective.com/browserslist"
      }
    },
    "node_modules/caniuse-lite": {
      "version": "1.0.30001633",
      "resolved": "https://registry.npmjs.org/caniuse-lite/-/caniuse-lite-1.0.30001633.tgz",
      "integrity": "sha512-9qjlr2V+xL4/t6A7oepwIeAM+sL6UHeP3l3uJz372/sPqB7lYvS8N2K8i8Cg5yO2hN6c5/2dFwUfF1r+30aQQ==",
      "dev": true,
      "funding": [
        {
          "type": "opencollective",
          "url": "https://opencollective.com/browserslist"
        },
        {
          "type": "tidelift",
          "url": "https://tidelift.com/funding/github/npm/caniuse-lite"
        },
        {
          "type": "github",
          "url": "https://github.com/sponsors/ai"
        }
      ]
    },
    "node_modules/clsx": {
      "version": "2.1.1",
      "resolved": "https://registry.npmjs.org/clsx/-/clsx-2.1.1.tgz",
      "integrity": "sha512-eYQ9kMAmsTmf64le+iBqoDA+TL+S/40+w3AO2+Y3LiioT6A3xrgq+w2A8xPsznbJ34G8AB+ofrM22rD2b4oAsg==",
      "engines": {
        "node": ">=6"
      }
    },
    "node_modules/csstype": {
      "version": "3.1.3",
      "resolved": "https://registry.npmjs.org/csstype/-/csstype-3.1.3.tgz",
      "integrity": "sha512-M1uQkMl8rQKTB9nBp9cSYPQJ9e+vx61CnS5dypsXeI7sA2Aso8wYug52cqA3w_N4qPHy39s+HVEKzmrJ4KJIjA==",
      "dev": true
    },
    "node_modules/electron-to-chromium": {
      "version": "1.4.801",
      "resolved": "https://registry.npmjs.org/electron-to-chromium/-/electron-to-chromium-1.4.801.tgz",
      "integrity": "sha512-3sHkXwqv/J52w2NnaVfef9s5+kC8v2rUu9L014a1aF1bYk+2CjUuBfzV2VqfQ2g1sJk1u6DKEr1K4T81Q==",
      "dev": true
    },
    "node_modules/framer-motion": {
      "version": "11.3.8",
      "resolved": "https://registry.npmjs.org/framer-motion/-/framer-motion-11.3.8.tgz",
      "integrity": "sha512-FfP4hWj2f6b3+i8u1iA5dFKLgoL0yBCe2h+hPOg6G+8h+s94uQbTj1eQEj3cW/dma+hZtq8Gv5uU2sW/qKRDxg==",
      "dependencies": {
        "tslib": "^2.6.2"
      },
      "peerDependencies": {
        "react": "^18.0.0",
        "react-dom": "^18.0.0"
      }
    },
    "node_modules/js-tokens": {
      "version": "4.0.0",
      "resolved": "https://registry.npmjs.org/js-tokens/-/js-tokens-4.0.0.tgz",
      "integrity": "sha512-RdJUflcE3cUzKiMqQgsCu06FPu9UdIJO0beYbPhHN4k6apgJtifcoCtT9bcxOpYBtpD2kCM6Sbzg4CausW/PKQ=="
    },
    "node_modules/loose-envify": {
      "version": "1.4.0",
      "resolved": "https://registry.npmjs.org/loose-envify/-/loose-envify-1.4.0.tgz",
      "integrity": "sha512-lyuxPGr/Wfhrlem2CL/UcnUc1zcqKAImBDzukY7Y5F/yQiNdko6+fRLevlw1HgMySw7f611UIY408EtxRSoK3Q==",
      "dependencies": {
        "js-tokens": "^3.0.0 || ^4.0.0"
      },
      "bin": {
        "loose-envify": "cli.js"
      }
    },
    "node_modules/lucide-react": {
      "version": "0.414.0",
      "resolved": "https://registry.npmjs.org/lucide-react/-/lucide-react-0.414.0.tgz",
      "integrity": "sha512-XwNq2n+DUnxM7A2L2yJncD3qCrXQBj2FcrfBfIqVAqVuffpEaSo2Y2KBEIqT47vQJCU2x1qagS1S3YTeM601vg==",
      "dependencies": {
        "@babel/runtime": "^7.23.5"
      },
      "peerDependencies": {
        "react": ">=17"
      }
    },
    "node_modules/node-releases": {
      "version": "2.0.14",
      "resolved": "https://registry.npmjs.org/node-releases/-/node-releases-2.0.14.tgz",
      "integrity": "sha512-yW7solNfGUEpnK2/Ay6yavDgc22Umr5u3M202fIscPsD6k1o5i2yXnkbY2+t9i2/tV5Yo3Xw5/wP0PA23sQ2Tw==",
      "dev": true
    },
    "node_modules/picocolors": {
      "version": "1.0.1",
      "resolved": "https://registry.npmjs.org/picocolors/-/picocolors-1.0.1.tgz",
      "integrity": "sha512-anP1Z8qwhCfnzwO24Sc7JzI4i9OJHmg+3H1qJoa5F5mG6CeSvanwSRQJ2p0oT2iN8R+4Ofw8Db2hMugpLI2K/g==",
      "dev": true
    },
    "node_modules/postcss": {
      "version": "8.4.39",
      "resolved": "https://registry.npmjs.org/postcss/-/postcss-8.4.39.tgz",
      "integrity": "sha512-yJHYrWBqbJ412e++BuJ4fL3kRCFv4UfPoe3Pmwv3pMSo9w22a3eJA2QJB2W9MR3+1vKz3iO4+3wVtCl2+eFfVQ==",
      "dev": true,
      "dependencies": {
        "nanoid": "^3.3.7",
        "picocolors": "^1.0.0",
        "source-map-js": "^1.2.0"
      },
      "engines": {
        "node": "^12 || ^14 || >=16"
      },
      "funding": {
        "type": "opencollective",
        "url": "https://opencollective.com/postcss/"
      }
    },
    "node_modules/postcss-selector-parser": {
      "version": "6.1.0",
      "resolved": "https://registry.npmjs.org/postcss-selector-parser/-/postcss-selector-parser-6.1.0.tgz",
      "integrity": "sha512-A3NVBOCJ2T+tX/mqnBL4g9ST1vl9vTyL4TVyVim1Q2I89T2Lg2vTBmbw83bS4G3FrRKIpso5LTD/qr3w3pT7jA==",
      "dev": true,
      "dependencies": {
        "cssesc": "^3.0.0",
        "util-deprecate": "^1.0.2"
      },
      "engines": {
        "node": ">=4"
      }
    },
    "node_modules/postcss-value-parser": {
      "version": "4.2.0",
      "resolved": "https://registry.npmjs.org/postcss-value-parser/-/postcss-value-parser-4.2.0.tgz",
      "integrity": "sha512-1NNCs6uurfkVbeXG4S8JFT9t19m45ICnif8zWLd5oPSZ50QnwMfK+H3jv408d4jw/7Bttv5axS5IiHoLaVNHeQ==",
      "dev": true
    },
    "node_modules/prisma": {
      "version": "5.17.0",
      "resolved": "https://registry.npmjs.org/prisma/-/prisma-5.17.0.tgz",
      "integrity": "sha512-9A4B8S1lsc02LwyvFfgCPd2pS3UaM4z3TfG6/g2E4nBvB35YTWK4foL52hLwM0mU1DqY4i/PzX4oRj1N+gSjzg==",
      "dev": true,
      "dependencies": {
        "@prisma/engines": "5.17.0"
      },
      "bin": {
        "prisma": "build/index.js"
      },
      "engines": {
        "node": ">=16.13"
      }
    },
    "node_modules/react": {
      "version": "18.3.1",
      "resolved": "https://registry.npmjs.org/react/-/react-18.3.1.tgz",
      "integrity": "sha512-wS+hAgJShR0KhEvPJArfuPVN1+Hz1t0Y6n5jLrGQbkb4urgPE/0Rve+1kMB1v/oWgHgm4WIcV+i7F2pTVj+2iQ==",
      "dependencies": {
        "loose-envify": "^1.1.0"
      },
      "engines": {
        "node": ">=0.10.0"
      }
    },
    "node_modules/react-dom": {
      "version": "18.3.1",
      "resolved": "https://registry.npmjs.org/react-dom/-/react-dom-18.3.1.tgz",
      "integrity": "sha512-5m4nQKp+rZRb09LNH59GM4BxTh9251/ylbKIbpe7TpGxfJ+9kv6BLkLBXIjjspbgbnIBNqlI23tRnTWT0snUIw==",
      "dependencies": {
        "loose-envify": "^1.1.0",
        "scheduler": "^0.23.2"
      },
      "peerDependencies": {
        "react": "^18.3.1"
      }
    },
    "node_modules/regenerator-runtime": {
      "version": "0.14.1",
      "resolved": "https://registry.npmjs.org/regenerator-runtime/-/regenerator-runtime-0.14.1.tgz",
      "integrity": "sha512-dYnhHh0nJoMfnkZs6GmmhFknAGRrLznOu5nc9IroGPpqlAGfNTEnNadFbSNregenerator-runtime"
    },
    "node_modules/scheduler": {
      "version": "0.23.2",
      "resolved": "https://registry.npmjs.org/scheduler/-/scheduler-0.23.2.tgz",
      "integrity": "sha512-Ea+DRM2gKIi2AOH5GDn2b9DNDk26iQA0CViI/B3df4g7c2mkqStg9T9zJoAYitf/8xWv0S29o03xfl4u2q2Z8A==",
      "dependencies": {
        "loose-envify": "^1.1.0"
      }
    },
    "node_modules/source-map-js": {
      "version": "1.2.0",
      "resolved": "https://registry.npmjs.org/source-map-js/-/source-map-js-1.2.0.tgz",
      "integrity": "sha512-itJW8lvSA0BEpj32ljMCmECvCb9JRWmKCSN21sQQaXQyXw3mK1tQyLwL0M4vcrbOCaYk5lE5xcrh+c0S285aQg==",
      "dev": true,
      "engines": {
        "node": ">=0.10.0"
      }
    },
    "node_modules/tailwind-merge": {
      "version": "2.4.0",
      "resolved": "https://registry.npmjs.org/tailwind-merge/-/tailwind-merge-2.4.0.tgz",
      "integrity": "sha512-2J7eQ498pLAG3VEtU3GABxrg3yLdoAO2y2Y2n7/ADEMTtcx5SUAIsx+HYI1kQaxY08n54d7/D4TmwRBNxVf5FA==",
      "funding": {
        "type": "github",
        "url": "https://github.com/sponsors/dcastil"
      }
    },
    "node_modules/tslib": {
      "version": "2.6.3",
      "resolved": "https://registry.npmjs.org/tslib/-/tslib-2.6.3.tgz",
      "integrity": "sha512-xN0OqBw2/4hVFP8I/CVoDcF1v1o22DSbfiA32580U+vL2wgwgU10RtmZscAqsTnuO/s4Citd4bE0QvI3zYmA6g=="
    },
    "node_modules/typescript": {
      "version": "5.5.3",
      "resolved": "https://registry.npmjs.org/typescript/-/typescript-5.5.3.tgz",
      "integrity": "sha512-PIN2AAboug7I/I72A9d2LPvW/Tj3i2c8oGJp76ViwblJk5iFp1I2i5wtTduve0aHZ2s3T2TzWnQ1tU5tSGoR+w==",
      "dev": true,
      "bin": {
        "tsc": "bin/tsc",
        "tsserver": "bin/tsserver"
      },
      "engines": {
        "node": ">=14.17"
      }
    },
    "node_modules/undici-types": {
      "version": "5.26.5",
      "resolved": "https://registry.npmjs.org/undici-types/-/undici-types-5.26.5.tgz",
      "integrity": "sha512-JlCMO+ehdEIKqlFxk6EUHis6x8GV1Z52iAFHA9zJG2WllU1kypBOgaUFBCQhOT+rHcV1khE5EGraJtvgN/5g+g==",
      "dev": true
    },
    "node_modules/util-deprecate": {
      "version": "1.0.2",
      "resolved": "https://registry.npmjs.org/util-deprecate/-/util-deprecate-1.0.2.tgz",
      "integrity": "sha512-EPD5q1uXyFxJpCrLnCc1nHnq3gOa6DZBocAIiI2TaSCA7VCJ1UJDMagCzIkXNsUYfD1daK//LTEQ8xiIbrHtcw==",
      "dev": true
    }
  }
}
