{
  "name": "ai-wizard-pro",
  "version": "1.0.0",
  "lockfileVersion": 3,
  "requires": true,
  "packages": {
    "": {
      "name": "ai-wizard-pro",
      "version": "1.0.0",
      "license": "ISC",
      "dependencies": {
        "@google/generative-ai": "^0.15.0",
        "clsx": "^2.1.1",
        "framer-motion": "^11.3.8",
        "lucide-react": "^0.414.0",
        "next": "14.2.5",
        "react": "^18.3.1",
        "react-dom": "^18.3.1",
        "tailwind-merge": "^2.4.0"
      },
      "devDependencies": {
        "@tailwindcss/postcss": "^4.0.0-alpha.13",
        "@types/node": "^20.14.10",
        "@types/react": "^18.3.3",
        "@types/react-dom": "^18.3.0",
        "eslint": "^8",
        "eslint-config-next": "14.2.5",
        "postcss": "^8.4.39",
        "tailwindcss": "^3.4.4",
        "typescript": "^5.5.3"
      }
    },
    "node_modules/@babel/runtime": {
      "version": "7.24.8",
      "resolved": "https://registry.npmjs.org/@babel/runtime/-/runtime-7.24.8.tgz",
      "integrity": "sha512-s2M52jTJsxarThL84F35nN2uVnJQXop7byUUG9Qd49tY2XoJzup+zaQn2mP43hYj49/dmmDMG9yidrD5r8mPkQ==",
      "dependencies": {
        "regenerator-runtime": "^0.14.0"
      },
      "engines": {
        "node": ">=6.9.0"
      }
    },
    "node_modules/@google/generative-ai": {
      "version": "0.15.0",
      "resolved": "https://registry.npmjs.org/@google/generative-ai/-/generative-ai-0.15.0.tgz",
      "integrity": "sha512-P1XgGvV32Lpc9y1S8nN/8sZkY9m7LBrJgqY0B4U0pE337o+lqJk9335yAFqgxqMv4Kj5A68+SGY9o6wSIA==",
      "engines": {
        "node": ">=18.0.0"
      }
    },
    "node_modules/@tailwindcss/postcss": {
      "version": "4.0.0-alpha.13",
      "resolved": "https://registry.npmjs.org/@tailwindcss/postcss/-/postcss-4.0.0-alpha.13.tgz",
      "integrity": "sha512-1+NAdy48j3y9Uo25D6zL6IpcVq+31k7k2AYbO4ihUv5Wq/0poy0hgU5qf8y5lTqf5vfrhyD45Yd0Yv1rC442Wg==",
      "dev": true,
      "dependencies": {
        "picocolors": "^1.0.1",
        "postcss-selector-parser": "^6.1.0"
      },
      "engines": {
        "node": ">=18.12.0"
      },
      "peerDependencies": {
        "postcss": "^8.4.31"
      }
    },
    "node_modules/@types/node": {
      "version": "20.14.10",
      "resolved": "https://registry.npmjs.org/@types/node/-/node-20.14.10.tgz",
      "integrity": "sha512-MdiXf+nDuMvodoWLCvGdJGO30d4a2a22tm/5oQi8u0ysAjB9/gTxM342h9tFkAbIsIY20vj2sZp2SjO2H2w5lA==",
      "dev": true,
      "dependencies": {
        "undici-types": "~5.26.4"
      }
    },
    "node_modules/@types/prop-types": {
      "version": "15.7.12",
      "resolved": "https://registry.npmjs.org/@types/prop-types/-/prop-types-15.7.12.tgz",
      "integrity": "sha512-5zvhF/S/GvZHJ4/RAQ2lSQI1Tj2eR1eM6Eu8g3OMVw149G3B29hZ5gA4d/E12vP8K5Q22sO9tHwL9tr2bXl4A==",
      "dev": true
    },
    "node_modules/@types/react": {
      "version": "18.3.3",
      "resolved": "https://registry.npmjs.org/@types/react/-/react-18.3.3.tgz",
      "integrity": "sha512-hti/R0pS0q1/c/MM1s1I7i1/mFBG/OsTe1KOKj4gnT+sSO8t3s4DMARW1iV4iGfLGD3w0aY8S2Iu1e0B+1uNEA==",
      "dev": true,
      "dependencies": {
        "@types/prop-types": "*",
        "csstype": "^3.0.2"
      }
    },
    "node_modules/@types/react-dom": {
      "version": "18.3.0",
      "resolved": "https://registry.npmjs.org/@types/react-dom/-/react-dom-18.3.0.tgz",
      "integrity": "sha512-dZpZz1sM9r22c6D6To2pPc32j+QpGU1i57z0J9vS6fA65iLa4aJdI1DazKLIxIsSQ88Yg0OReiK9V8+WEXx3gA==",
      "dev": true,
      "dependencies": {
        "@types/react": "*"
      }
    },
    "node_modules/clsx": {
      "version": "2.1.1",
      "resolved": "https://registry.npmjs.org/clsx/-/clsx-2.1.1.tgz",
      "integrity": "sha512-eYQ9kMAmsTmf64le+iBqoDA+TL+S/40+w3AO2+Y3LiioT6A3xrgq+w2A8xPsznbJ34G8AB+ofrM22rD2b4oAsg==",
      "engines": {
        "node": ">=6"
      }
    },
    "node_modules/csstype": {
      "version": "3.1.3",
      "resolved": "https://registry.npmjs.org/csstype/-/csstype-3.1.3.tgz",
      "integrity": "sha512-M1uQkMl8rQKTB9nBp9cSYPQJ9e+vx61CnS5dypsXeI7sA2Aso8wYug52cqA3w_N4qPHy39s+HVEKzmrJ4KJIjA==",
      "dev": true
    },
    "node_modules/framer-motion": {
      "version": "11.3.8",
      "resolved": "https://registry.npmjs.org/framer-motion/-/framer-motion-11.3.8.tgz",
      "integrity": "sha512-FfP4hWj2f6b3+i8u1iA5dFKLgoL0yBCe2h+hPOg6G+8h+s94uQbTj1eQEj3cW/dma+hZtq8Gv5uU2sW/qKRDxg==",
      "dependencies": {
        "tslib": "^2.6.2"
      },
      "peerDependencies": {
        "react": "^18.0.0",
        "react-dom": "^18.0.0"
      }
    },
    "node_modules/js-tokens": {
      "version": "4.0.0",
      "resolved": "https://registry.npmjs.org/js-tokens/-/js-tokens-4.0.0.tgz",
      "integrity": "sha512-RdJUflcE3cUzKiMqQgsCu06FPu9UdIJO0beYbPhHN4k6apgJtifcoCtT9bcxOpYBtpD2kCM6Sbzg4CausW/PKQ=="
    },
    "node_modules/loose-envify": {
      "version": "1.4.0",
      "resolved": "https://registry.npmjs.org/loose-envify/-/loose-envify-1.4.0.tgz",
      "integrity": "sha512-lyuxPGr/Wfhrlem2CL/UcnUc1zcqKAImBDzukY7Y5F/yQiNdko6+fRLevlw1HgMySw7f611UIY408EtxRSoK3Q==",
      "dependencies": {
        "js-tokens": "^3.0.0 || ^4.0.0"
      },
      "bin": {
        "loose-envify": "cli.js"
      }
    },
    "node_modules/lucide-react": {
      "version": "0.414.0",
      "resolved": "https://registry.npmjs.org/lucide-react/-/lucide-react-0.414.0.tgz",
      "integrity": "sha512-XwNq2n+DUnxM7A2L2yJncD3qCrXQBj2FcrfBfIqVAqVuffpEaSo2Y2KBEIqT47vQJCU2x1qagS1S3YTeM601vg==",
      "dependencies": {
        "@babel/runtime": "^7.23.5"
      },
      "peerDependencies": {
        "react": ">=17"
      }
    },
    "node_modules/next": {
      "version": "14.2.5",
      "resolved": "https://registry.npmjs.org/next/-/next-14.2.5.tgz",
      "integrity": "sha512-0f8aRfBVL+mpzfBjYfQuLWh2WyAwtJXCRfkPF4UJ5qd2YwrHczsrSzXU4tRMV0OAxR8ZJZWPFn6uhSC56UTsLA==",
      "dependencies": {
        "@next/env": "14.2.5",
        "@swc/helpers": "0.5.5",
        "busboy": "1.6.0",
        "caniuse-lite": "^1.0.30001579",
        "graceful-fs": "^4.2.11",
        "postcss": "8.4.31",
        "styled-jsx": "5.1.1"
      },
      "bin": {
        "next": "dist/bin/next"
      },
      "engines": {
        "node": ">=18.17.0"
      },
      "optionalDependencies": {
        "@next/swc-darwin-arm64": "14.2.5",
        "@next/swc-darwin-x64": "14.2.5",
        "@next/swc-linux-arm64-gnu": "14.2.5",
        "@next/swc-linux-arm64-musl": "14.2.5",
        "@next/swc-linux-x64-gnu": "14.2.5",
        "@next/swc-linux-x64-musl": "14.2.5",
        "@next/swc-win32-arm64-msvc": "14.2.5",
        "@next/swc-win32-ia32-msvc": "14.2.5",
        "@next/swc-win32-x64-msvc": "14.2.5"
      },
      "peerDependencies": {
        "@opentelemetry/api": "^1.1.0",
        "@playwright/test": "^1.41.2",
        "react": "^18.2.0",
        "react-dom": "^18.2.0",
        "sass": "^1.3.0"
      },
      "peerDependenciesMeta": {
        "@opentelemetry/api": {
          "optional": true
        },
        "@playwright/test": {
          "optional": true
        },
        "sass": {
          "optional": true
        }
      }
    },
    "node_modules/picocolors": {
      "version": "1.0.1",
      "resolved": "https://registry.npmjs.org/picocolors/-/picocolors-1.0.1.tgz",
      "integrity": "sha512-anP1Z8qwhCfnzwO24Sc7JzI4i9OJHmg+3H1qJoa5F5mG6CeSvanwSRQJ2p0oT2iN8R+4Ofw8Db2hMugpLI2K/g==",
      "dev": true
    },
    "node_modules/postcss": {
      "version": "8.4.39",
      "resolved": "https://registry.npmjs.org/postcss/-/postcss-8.4.39.tgz",
      "integrity": "sha512-yJHYrWBqbJ412e++BuJ4fL3kRCFv4UfPoe3Pmwv3pMSo9w22a3eJA2QJB2W9MR3+1vKz3iO4+3wVtCl2+eFfVQ==",
      "dev": true,
      "dependencies": {
        "nanoid": "^3.3.7",
        "picocolors": "^1.0.0",
        "source-map-js": "^1.2.0"
      },
      "engines": {
        "node": "^12 || ^14 || >=16"
      },
      "funding": {
        "type": "opencollective",
        "url": "https://opencollective.com/postcss/"
      }
    },
    "node_modules/postcss-selector-parser": {
      "version": "6.1.0",
      "resolved": "https://registry.npmjs.org/postcss-selector-parser/-/postcss-selector-parser-6.1.0.tgz",
      "integrity": "sha512-A3NVBOCJ2T+tX/mqnBL4g9ST1vl9vTyL4TVyVim1Q2I89T2Lg2vTBmbw83bS4G3FrRKIpso5LTD/qr3w3pT7jA==",
      "dev": true,
      "dependencies": {
        "cssesc": "^3.0.0",
        "util-deprecate": "^1.0.2"
      },
      "engines": {
        "node": ">=4"
      }
    },
    "node_modules/react": {
      "version": "18.3.1",
      "resolved": "https://registry.npmjs.org/react/-/react-18.3.1.tgz",
      "integrity": "sha512-wS+hAgJShR0KhEvPJArfuPVN1+Hz1t0Y6n5jLrGQbkb4urgPE/0Rve+1kMB1v/oWgHgm4WIcV+i7F2pTVj+2iQ==",
      "dependencies": {
        "loose-envify": "^1.1.0"
      },
      "engines": {
        "node": ">=0.10.0"
      }
    },
    "node_modules/react-dom": {
      "version": "18.3.1",
      "resolved": "https://registry.npmjs.org/react-dom/-/react-dom-18.3.1.tgz",
      "integrity": "sha512-5m4nQKp+rZRb09LNH59GM4BxTh9251/ylbKIbpe7TpGxfJ+9kv6BLkLBXIjjspbgbnIBNqlI23tRnTWT0snUIw==",
      "dependencies": {
        "loose-envify": "^1.1.0",
        "scheduler": "^0.23.2"
      },
      "peerDependencies": {
        "react": "^18.3.1"
      }
    },
    "node_modules/regenerator-runtime": {
      "version": "0.14.1",
      "resolved": "https://registry.npmjs.org/regenerator-runtime/-/regenerator-runtime-0.14.1.tgz",
      "integrity": "sha512-dYnhHh0nJoMfnkZs6GmmhFknAGRrLznOu5nc9IroGPpqlAGfNTEnNadFbSNregenerator-runtime"
    },
    "node_modules/scheduler": {
      "version": "0.23.2",
      "resolved": "https://registry.npmjs.org/scheduler/-/scheduler-0.23.2.tgz",
      "integrity": "sha512-Ea+DRM2gKIi2AOH5GDn2b9DNDk26iQA0CViI/B3df4g7c2mkqStg9T9zJoAYitf/8xWv0S29o03xfl4u2q2Z8A==",
      "dependencies": {
        "loose-envify": "^1.1.0"
      }
    },
    "node_modules/source-map-js": {
      "version": "1.2.0",
      "resolved": "https://registry.npmjs.org/source-map-js/-/source-map-js-1.2.0.tgz",
      "integrity": "sha512-itJW8lvSA0BEpj32ljMCmECvCb9JRWmKCSN21sQQaXQyXw3mK1tQyLwL0M4vcrbOCaYk5lE5xcrh+c0S285aQg==",
      "dev": true,
      "engines": {
        "node": ">=0.10.0"
      }
    },
    "node_modules/tailwind-merge": {
      "version": "2.4.0",
      "resolved": "https://registry.npmjs.org/tailwind-merge/-/tailwind-merge-2.4.0.tgz",
      "integrity": "sha512-2J7eQ498pLAG3VEtU3GABxrg3yLdoAO2y2Y2n7/ADEMTtcx5SUAIsx+HYI1kQaxY08n54d7/D4TmwRBNxVf5FA==",
      "funding": {
        "type": "github",
        "url": "https://github.com/sponsors/dcastil"
      }
    },
    "node_modules/tailwindcss": {
      "version": "3.4.4",
      "resolved": "https://registry.npmjs.org/tailwindcss/-/tailwindcss-3.4.4.tgz",
      "integrity": "sha512-2e3S/2lYlrSL952m7tX9QPYzDqrjtf4wTK5j7rxx+1Ampj2gS8h5yTwA8A/nsa84yZqiYjAZx3DNt6xI/fFn+A==",
      "dev": true,
      "dependencies": {
        "@alloc/quick-lru": "^5.2.0",
        "arg": "^5.0.2",
        "chokidar": "^3.6.0",
        "didyoumean": "^1.2.2",
        "dlv": "^1.1.3",
        "fast-glob": "^3.3.2",
        "glob-parent": "^6.0.2",
        "is-glob": "^4.0.3",
        "jiti": "^1.21.0",
        "lilconfig": "^3.1.1",
        "micromatch": "^4.0.5",
        "normalize-path": "^3.0.0",
        "object-hash": "^3.0.0",
        "picocolors": "^1.0.0",
        "postcss": "^8.4.35",
        "postcss-import": "^15.1.0",
        "postcss-js": "^4.0.1",
        "postcss-load-config": "^4.0.2",
        "postcss-nested": "^6.0.1",
        "postcss-selector-parser": "^6.0.13",
        "resolve": "^1.22.8",
        "sucrase": "^3.35.0"
      },
      "bin": {
        "tailwind": "lib/cli.js",
        "tailwindcss": "lib/cli.js"
      },
      "engines": {
        "node": ">=14.0.0"
      }
    },
    "node_modules/tslib": {
      "version": "2.6.3",
      "resolved": "https://registry.npmjs.org/tslib/-/tslib-2.6.3.tgz",
      "integrity": "sha512-xN0OqBw2/4hVFP8I/CVoDcF1v1o22DSbfiA32580U+vL2wgwgU10RtmZscAqsTnuO/s4Citd4bE0QvI3zYmA6g=="
    },
    "node_modules/typescript": {
      "version": "5.5.3",
      "resolved": "https://registry.npmjs.org/typescript/-/typescript-5.5.3.tgz",
      "integrity": "sha512-PIN2AAboug7I/I72A9d2LPvW/Tj3i2c8oGJp76ViwblJk5iFp1I2i5wtTduve0aHZ2s3T2TzWnQ1tU5tSGoR+w==",
      "dev": true,
      "bin": {
        "tsc": "bin/tsc",
        "tsserver": "bin/tsserver"
      },
      "engines": {
        "node": ">=14.17"
      }
    },
    "node_modules/undici-types": {
      "version": "5.26.5",
      "resolved": "https://registry.npmjs.org/undici-types/-/undici-types-5.26.5.tgz",
      "integrity": "sha512-JlCMO+ehdEIKqlFxk6EUHis6x8GV1Z52iAFHA9zJG2WllU1kypBOgaUFBCQhOT+rHcV1khE5EGraJtvgN/5g+g==",
      "dev": true
    },
    "node_modules/util-deprecate": {
      "version": "1.0.2",
      "resolved": "https://registry.npmjs.org/util-deprecate/-/util-deprecate-1.0.2.tgz",
      "integrity": "sha512-EPD5q1uXyFxJpCrLnCc1nHnq3gOa6DZBocAIiI2TaSCA7VCJ1UJDMagCzIkXNsUYfD1daK//LTEQ8xiIbrHtcw==",
      "dev": true
    }
  }
}
